
Microsoft Visual Studio Solution File, Format Version 12.00
# Visual Studio Version 16
VisualStudioVersion = 16.0.31229.75
MinimumVisualStudioVersion = 10.0.40219.1
Project("{9A19103F-16F7-4668-BE54-9A1E7A4F7556}") = "PipelineSimulation.Core", "PipelineSimulation.Core\PipelineSimulation.Core.csproj", "{41DC0268-D6B2-44DF-B25E-4293C1D179C7}"
EndProject
Project("{9A19103F-16F7-4668-BE54-9A1E7A4F7556}") = "PipelineSimulation.ConsoleApp", "PipelineSimulation.ConsoleApp\PipelineSimulation.ConsoleApp.csproj", "{E97B0113-96F2-41B3-804F-FED8AC24C756}"
EndProject
Project("{2150E333-8FDC-42A3-9474-1A3956D46DE8}") = "Solution Items", "Solution Items", "{600A83BB-4AF3-4A9B-8949-3D82CD7A01E4}"
	ProjectSection(SolutionItems) = preProject
		ConditionalLogic.bin = ConditionalLogic.bin
		FPAddSub.bin = FPAddSub.bin
		FPMulDiv.bin = FPMulDiv.bin
		InfLoop.bin = InfLoop.bin
		MixedOps.bin = MixedOps.bin
	EndProjectSection
EndProject
Project("{9A19103F-16F7-4668-BE54-9A1E7A4F7556}") = "PipelineSimulation.WinForm", "PipelineSimulation.WinForm\PipelineSimulation.WinForm.csproj", "{F900AA19-AD03-4AB8-A5FC-B8C9CB08F2EA}"
EndProject
Global
	GlobalSection(SolutionConfigurationPlatforms) = preSolution
		Debug|Any CPU = Debug|Any CPU
		Release|Any CPU = Release|Any CPU
	EndGlobalSection
	GlobalSection(ProjectConfigurationPlatforms) = postSolution
		{41DC0268-D6B2-44DF-B25E-4293C1D179C7}.Debug|Any CPU.ActiveCfg = Debug|Any CPU
		{41DC0268-D6B2-44DF-B25E-4293C1D179C7}.Debug|Any CPU.Build.0 = Debug|Any CPU
		{41DC0268-D6B2-44DF-B25E-4293C1D179C7}.Release|Any CPU.ActiveCfg = Release|Any CPU
		{41DC0268-D6B2-44DF-B25E-4293C1D179C7}.Release|Any CPU.Build.0 = Release|Any CPU
		{E97B0113-96F2-41B3-804F-FED8AC24C756}.Debug|Any CPU.ActiveCfg = Debug|Any CPU
		{E97B0113-96F2-41B3-804F-FED8AC24C756}.Debug|Any CPU.Build.0 = Debug|Any CPU
		{E97B0113-96F2-41B3-804F-FED8AC24C756}.Release|Any CPU.ActiveCfg = Release|Any CPU
		{E97B0113-96F2-41B3-804F-FED8AC24C756}.Release|Any CPU.Build.0 = Release|Any CPU
		{F900AA19-AD03-4AB8-A5FC-B8C9CB08F2EA}.Debug|Any CPU.ActiveCfg = Debug|Any CPU
		{F900AA19-AD03-4AB8-A5FC-B8C9CB08F2EA}.Debug|Any CPU.Build.0 = Debug|Any CPU
		{F900AA19-AD03-4AB8-A5FC-B8C9CB08F2EA}.Release|Any CPU.ActiveCfg = Release|Any CPU
		{F900AA19-AD03-4AB8-A5FC-B8C9CB08F2EA}.Release|Any CPU.Build.0 = Release|Any CPU
	EndGlobalSection
	GlobalSection(SolutionProperties) = preSolution
		HideSolutionNode = FALSE
	EndGlobalSection
	GlobalSection(ExtensibilityGlobals) = postSolution
		SolutionGuid = {2F12321D-05EC-4851-B4E5-C85A4007655C}
	EndGlobalSection
EndGlobal
